// !$*UTF8*$!
{
	archiveVersion = 1;
	classes = {
	};
	objectVersion = 50;
	objects = {

/* Begin PBXBuildFile section */
		AE5BEA2625D1942400666E2D /* AppDelegate.swift in Sources */ = {isa = PBXBuildFile; fileRef = AE5BEA2525D1942400666E2D /* AppDelegate.swift */; };
		AE5BEA2825D1942400666E2D /* SceneDelegate.swift in Sources */ = {isa = PBXBuildFile; fileRef = AE5BEA2725D1942400666E2D /* SceneDelegate.swift */; };
		AE5BEA2A25D1942400666E2D /* ViewController.swift in Sources */ = {isa = PBXBuildFile; fileRef = AE5BEA2925D1942400666E2D /* ViewController.swift */; };
		AE5BEA2D25D1942400666E2D /* Main.storyboard in Resources */ = {isa = PBXBuildFile; fileRef = AE5BEA2B25D1942400666E2D /* Main.storyboard */; };
		AE5BEA2F25D1942900666E2D /* Assets.xcassets in Resources */ = {isa = PBXBuildFile; fileRef = AE5BEA2E25D1942900666E2D /* Assets.xcassets */; };
		AE5BEA3225D1942900666E2D /* LaunchScreen.storyboard in Resources */ = {isa = PBXBuildFile; fileRef = AE5BEA3025D1942900666E2D /* LaunchScreen.storyboard */; };
		AE5BEA3D25D1942900666E2D /* BMSPlaygroundTests.swift in Sources */ = {isa = PBXBuildFile; fileRef = AE5BEA3C25D1942900666E2D /* BMSPlaygroundTests.swift */; };
		AE5BEA4825D1942900666E2D /* BMSPlaygroundUITests.swift in Sources */ = {isa = PBXBuildFile; fileRef = AE5BEA4725D1942900666E2D /* BMSPlaygroundUITests.swift */; };
		AE5BEA5925D1944D00666E2D /* BaseViewModel.swift in Sources */ = {isa = PBXBuildFile; fileRef = AE5BEA5825D1944D00666E2D /* BaseViewModel.swift */; };
		AE5BEA6725D19AB800666E2D /* ViewModel.swift in Sources */ = {isa = PBXBuildFile; fileRef = AE5BEA6625D19AB800666E2D /* ViewModel.swift */; };
		AE5BEA6F25D1A61900666E2D /* Observable.swift in Sources */ = {isa = PBXBuildFile; fileRef = AE5BEA6E25D1A61900666E2D /* Observable.swift */; };
		AE5BEA7725D1CB3D00666E2D /* DefaultProviding.swift in Sources */ = {isa = PBXBuildFile; fileRef = AE5BEA7625D1CB3D00666E2D /* DefaultProviding.swift */; };
/* End PBXBuildFile section */

/* Begin PBXContainerItemProxy section */
		AE5BEA3925D1942900666E2D /* PBXContainerItemProxy */ = {
			isa = PBXContainerItemProxy;
			containerPortal = AE5BEA1A25D1942400666E2D /* Project object */;
			proxyType = 1;
			remoteGlobalIDString = AE5BEA2125D1942400666E2D;
			remoteInfo = BMSPlayground;
		};
		AE5BEA4425D1942900666E2D /* PBXContainerItemProxy */ = {
			isa = PBXContainerItemProxy;
			containerPortal = AE5BEA1A25D1942400666E2D /* Project object */;
			proxyType = 1;
			remoteGlobalIDString = AE5BEA2125D1942400666E2D;
			remoteInfo = BMSPlayground;
		};
/* End PBXContainerItemProxy section */

/* Begin PBXFileReference section */
		AE5BEA2225D1942400666E2D /* BMSPlayground.app */ = {isa = PBXFileReference; explicitFileType = wrapper.application; includeInIndex = 0; path = BMSPlayground.app; sourceTree = BUILT_PRODUCTS_DIR; };
		AE5BEA2525D1942400666E2D /* AppDelegate.swift */ = {isa = PBXFileReference; lastKnownFileType = sourcecode.swift; path = AppDelegate.swift; sourceTree = "<group>"; };
		AE5BEA2725D1942400666E2D /* SceneDelegate.swift */ = {isa = PBXFileReference; lastKnownFileType = sourcecode.swift; path = SceneDelegate.swift; sourceTree = "<group>"; };
		AE5BEA2925D1942400666E2D /* ViewController.swift */ = {isa = PBXFileReference; lastKnownFileType = sourcecode.swift; path = ViewController.swift; sourceTree = "<group>"; };
		AE5BEA2C25D1942400666E2D /* Base */ = {isa = PBXFileReference; lastKnownFileType = file.storyboard; name = Base; path = Base.lproj/Main.storyboard; sourceTree = "<group>"; };
		AE5BEA2E25D1942900666E2D /* Assets.xcassets */ = {isa = PBXFileReference; lastKnownFileType = folder.assetcatalog; path = Assets.xcassets; sourceTree = "<group>"; };
		AE5BEA3125D1942900666E2D /* Base */ = {isa = PBXFileReference; lastKnownFileType = file.storyboard; name = Base; path = Base.lproj/LaunchScreen.storyboard; sourceTree = "<group>"; };
		AE5BEA3325D1942900666E2D /* Info.plist */ = {isa = PBXFileReference; lastKnownFileType = text.plist.xml; path = Info.plist; sourceTree = "<group>"; };
		AE5BEA3825D1942900666E2D /* BMSPlaygroundTests.xctest */ = {isa = PBXFileReference; explicitFileType = wrapper.cfbundle; includeInIndex = 0; path = BMSPlaygroundTests.xctest; sourceTree = BUILT_PRODUCTS_DIR; };
		AE5BEA3C25D1942900666E2D /* BMSPlaygroundTests.swift */ = {isa = PBXFileReference; lastKnownFileType = sourcecode.swift; path = BMSPlaygroundTests.swift; sourceTree = "<group>"; };
		AE5BEA3E25D1942900666E2D /* Info.plist */ = {isa = PBXFileReference; lastKnownFileType = text.plist.xml; path = Info.plist; sourceTree = "<group>"; };
		AE5BEA4325D1942900666E2D /* BMSPlaygroundUITests.xctest */ = {isa = PBXFileReference; explicitFileType = wrapper.cfbundle; includeInIndex = 0; path = BMSPlaygroundUITests.xctest; sourceTree = BUILT_PRODUCTS_DIR; };
		AE5BEA4725D1942900666E2D /* BMSPlaygroundUITests.swift */ = {isa = PBXFileReference; lastKnownFileType = sourcecode.swift; path = BMSPlaygroundUITests.swift; sourceTree = "<group>"; };
		AE5BEA4925D1942900666E2D /* Info.plist */ = {isa = PBXFileReference; lastKnownFileType = text.plist.xml; path = Info.plist; sourceTree = "<group>"; };
		AE5BEA5825D1944D00666E2D /* BaseViewModel.swift */ = {isa = PBXFileReference; lastKnownFileType = sourcecode.swift; path = BaseViewModel.swift; sourceTree = "<group>"; };
		AE5BEA6625D19AB800666E2D /* ViewModel.swift */ = {isa = PBXFileReference; lastKnownFileType = sourcecode.swift; path = ViewModel.swift; sourceTree = "<group>"; };
		AE5BEA6E25D1A61900666E2D /* Observable.swift */ = {isa = PBXFileReference; lastKnownFileType = sourcecode.swift; path = Observable.swift; sourceTree = "<group>"; };
		AE5BEA7625D1CB3D00666E2D /* DefaultProviding.swift */ = {isa = PBXFileReference; lastKnownFileType = sourcecode.swift; path = DefaultProviding.swift; sourceTree = "<group>"; };
/* End PBXFileReference section */

/* Begin PBXFrameworksBuildPhase section */
		AE5BEA1F25D1942400666E2D /* Frameworks */ = {
			isa = PBXFrameworksBuildPhase;
			buildActionMask = 2147483647;
			files = (
			);
			runOnlyForDeploymentPostprocessing = 0;
		};
		AE5BEA3525D1942900666E2D /* Frameworks */ = {
			isa = PBXFrameworksBuildPhase;
			buildActionMask = 2147483647;
			files = (
			);
			runOnlyForDeploymentPostprocessing = 0;
		};
		AE5BEA4025D1942900666E2D /* Frameworks */ = {
			isa = PBXFrameworksBuildPhase;
			buildActionMask = 2147483647;
			files = (
			);
			runOnlyForDeploymentPostprocessing = 0;
		};
/* End PBXFrameworksBuildPhase section */

/* Begin PBXGroup section */
		AE5BEA1925D1942400666E2D = {
			isa = PBXGroup;
			children = (
				AE5BEA2425D1942400666E2D /* BMSPlayground */,
				AE5BEA3B25D1942900666E2D /* BMSPlaygroundTests */,
				AE5BEA4625D1942900666E2D /* BMSPlaygroundUITests */,
				AE5BEA2325D1942400666E2D /* Products */,
			);
			sourceTree = "<group>";
		};
		AE5BEA2325D1942400666E2D /* Products */ = {
			isa = PBXGroup;
			children = (
				AE5BEA2225D1942400666E2D /* BMSPlayground.app */,
				AE5BEA3825D1942900666E2D /* BMSPlaygroundTests.xctest */,
				AE5BEA4325D1942900666E2D /* BMSPlaygroundUITests.xctest */,
			);
			name = Products;
			sourceTree = "<group>";
		};
		AE5BEA2425D1942400666E2D /* BMSPlayground */ = {
			isa = PBXGroup;
			children = (
				AE5BEA5D25D1949F00666E2D /* types */,
				AE5BEA2525D1942400666E2D /* AppDelegate.swift */,
				AE5BEA2725D1942400666E2D /* SceneDelegate.swift */,
				AE5BEA2925D1942400666E2D /* ViewController.swift */,
				AE5BEA2B25D1942400666E2D /* Main.storyboard */,
				AE5BEA2E25D1942900666E2D /* Assets.xcassets */,
				AE5BEA3025D1942900666E2D /* LaunchScreen.storyboard */,
				AE5BEA3325D1942900666E2D /* Info.plist */,
				AE5BEA5825D1944D00666E2D /* BaseViewModel.swift */,
				AE5BEA6625D19AB800666E2D /* ViewModel.swift */,
			);
			path = BMSPlayground;
			sourceTree = "<group>";
		};
		AE5BEA3B25D1942900666E2D /* BMSPlaygroundTests */ = {
			isa = PBXGroup;
			children = (
				AE5BEA3C25D1942900666E2D /* BMSPlaygroundTests.swift */,
				AE5BEA3E25D1942900666E2D /* Info.plist */,
			);
			path = BMSPlaygroundTests;
			sourceTree = "<group>";
		};
		AE5BEA4625D1942900666E2D /* BMSPlaygroundUITests */ = {
			isa = PBXGroup;
			children = (
				AE5BEA4725D1942900666E2D /* BMSPlaygroundUITests.swift */,
				AE5BEA4925D1942900666E2D /* Info.plist */,
			);
			path = BMSPlaygroundUITests;
			sourceTree = "<group>";
		};
		AE5BEA5D25D1949F00666E2D /* types */ = {
			isa = PBXGroup;
			children = (
				AE5BEA6E25D1A61900666E2D /* Observable.swift */,
				AE5BEA7625D1CB3D00666E2D /* DefaultProviding.swift */,
			);
			path = types;
			sourceTree = "<group>";
		};
/* End PBXGroup section */

/* Begin PBXNativeTarget section */
		AE5BEA2125D1942400666E2D /* BMSPlayground */ = {
			isa = PBXNativeTarget;
			buildConfigurationList = AE5BEA4C25D1942900666E2D /* Build configuration list for PBXNativeTarget "BMSPlayground" */;
			buildPhases = (
				AE5BEA1E25D1942400666E2D /* Sources */,
				AE5BEA1F25D1942400666E2D /* Frameworks */,
				AE5BEA2025D1942400666E2D /* Resources */,
			);
			buildRules = (
			);
			dependencies = (
			);
			name = BMSPlayground;
			productName = BMSPlayground;
			productReference = AE5BEA2225D1942400666E2D /* BMSPlayground.app */;
			productType = "com.apple.product-type.application";
		};
		AE5BEA3725D1942900666E2D /* BMSPlaygroundTests */ = {
			isa = PBXNativeTarget;
			buildConfigurationList = AE5BEA4F25D1942900666E2D /* Build configuration list for PBXNativeTarget "BMSPlaygroundTests" */;
			buildPhases = (
				AE5BEA3425D1942900666E2D /* Sources */,
				AE5BEA3525D1942900666E2D /* Frameworks */,
				AE5BEA3625D1942900666E2D /* Resources */,
			);
			buildRules = (
			);
			dependencies = (
				AE5BEA3A25D1942900666E2D /* PBXTargetDependency */,
			);
			name = BMSPlaygroundTests;
			productName = BMSPlaygroundTests;
			productReference = AE5BEA3825D1942900666E2D /* BMSPlaygroundTests.xctest */;
			productType = "com.apple.product-type.bundle.unit-test";
		};
		AE5BEA4225D1942900666E2D /* BMSPlaygroundUITests */ = {
			isa = PBXNativeTarget;
			buildConfigurationList = AE5BEA5225D1942900666E2D /* Build configuration list for PBXNativeTarget "BMSPlaygroundUITests" */;
			buildPhases = (
				AE5BEA3F25D1942900666E2D /* Sources */,
				AE5BEA4025D1942900666E2D /* Frameworks */,
				AE5BEA4125D1942900666E2D /* Resources */,
			);
			buildRules = (
			);
			dependencies = (
				AE5BEA4525D1942900666E2D /* PBXTargetDependency */,
			);
			name = BMSPlaygroundUITests;
			productName = BMSPlaygroundUITests;
			productReference = AE5BEA4325D1942900666E2D /* BMSPlaygroundUITests.xctest */;
			productType = "com.apple.product-type.bundle.ui-testing";
		};
/* End PBXNativeTarget section */

/* Begin PBXProject section */
		AE5BEA1A25D1942400666E2D /* Project object */ = {
			isa = PBXProject;
			attributes = {
				LastSwiftUpdateCheck = 1230;
				LastUpgradeCheck = 1230;
				TargetAttributes = {
					AE5BEA2125D1942400666E2D = {
						CreatedOnToolsVersion = 12.3;
					};
					AE5BEA3725D1942900666E2D = {
						CreatedOnToolsVersion = 12.3;
						TestTargetID = AE5BEA2125D1942400666E2D;
					};
					AE5BEA4225D1942900666E2D = {
						CreatedOnToolsVersion = 12.3;
						TestTargetID = AE5BEA2125D1942400666E2D;
					};
				};
			};
			buildConfigurationList = AE5BEA1D25D1942400666E2D /* Build configuration list for PBXProject "BMSPlayground" */;
			compatibilityVersion = "Xcode 9.3";
			developmentRegion = en;
			hasScannedForEncodings = 0;
			knownRegions = (
				en,
				Base,
			);
			mainGroup = AE5BEA1925D1942400666E2D;
			productRefGroup = AE5BEA2325D1942400666E2D /* Products */;
			projectDirPath = "";
			projectRoot = "";
			targets = (
				AE5BEA2125D1942400666E2D /* BMSPlayground */,
				AE5BEA3725D1942900666E2D /* BMSPlaygroundTests */,
				AE5BEA4225D1942900666E2D /* BMSPlaygroundUITests */,
			);
		};
/* End PBXProject section */

/* Begin PBXResourcesBuildPhase section */
		AE5BEA2025D1942400666E2D /* Resources */ = {
			isa = PBXResourcesBuildPhase;
			buildActionMask = 2147483647;
			files = (
				AE5BEA3225D1942900666E2D /* LaunchScreen.storyboard in Resources */,
				AE5BEA2F25D1942900666E2D /* Assets.xcassets in Resources */,
				AE5BEA2D25D1942400666E2D /* Main.storyboard in Resources */,
			);
			runOnlyForDeploymentPostprocessing = 0;
		};
		AE5BEA3625D1942900666E2D /* Resources */ = {
			isa = PBXResourcesBuildPhase;
			buildActionMask = 2147483647;
			files = (
			);
			runOnlyForDeploymentPostprocessing = 0;
		};
		AE5BEA4125D1942900666E2D /* Resources */ = {
			isa = PBXResourcesBuildPhase;
			buildActionMask = 2147483647;
			files = (
			);
			runOnlyForDeploymentPostprocessing = 0;
		};
/* End PBXResourcesBuildPhase section */

/* Begin PBXSourcesBuildPhase section */
		AE5BEA1E25D1942400666E2D /* Sources */ = {
			isa = PBXSourcesBuildPhase;
			buildActionMask = 2147483647;
			files = (
				AE5BEA2A25D1942400666E2D /* ViewController.swift in Sources */,
				AE5BEA5925D1944D00666E2D /* BaseViewModel.swift in Sources */,
				AE5BEA6F25D1A61900666E2D /* Observable.swift in Sources */,
				AE5BEA2625D1942400666E2D /* AppDelegate.swift in Sources */,
				AE5BEA7725D1CB3D00666E2D /* DefaultProviding.swift in Sources */,
				AE5BEA6725D19AB800666E2D /* ViewModel.swift in Sources */,
				AE5BEA2825D1942400666E2D /* SceneDelegate.swift in Sources */,
			);
			runOnlyForDeploymentPostprocessing = 0;
		};
		AE5BEA3425D1942900666E2D /* Sources */ = {
			isa = PBXSourcesBuildPhase;
			buildActionMask = 2147483647;
			files = (
				AE5BEA3D25D1942900666E2D /* BMSPlaygroundTests.swift in Sources */,
			);
			runOnlyForDeploymentPostprocessing = 0;
		};
		AE5BEA3F25D1942900666E2D /* Sources */ = {
			isa = PBXSourcesBuildPhase;
			buildActionMask = 2147483647;
			files = (
				AE5BEA4825D1942900666E2D /* BMSPlaygroundUITests.swift in Sources */,
			);
			runOnlyForDeploymentPostprocessing = 0;
		};
/* End PBXSourcesBuildPhase section */

/* Begin PBXTargetDependency section */
		AE5BEA3A25D1942900666E2D /* PBXTargetDependency */ = {
			isa = PBXTargetDependency;
			target = AE5BEA2125D1942400666E2D /* BMSPlayground */;
			targetProxy = AE5BEA3925D1942900666E2D /* PBXContainerItemProxy */;
		};
		AE5BEA4525D1942900666E2D /* PBXTargetDependency */ = {
			isa = PBXTargetDependency;
			target = AE5BEA2125D1942400666E2D /* BMSPlayground */;
			targetProxy = AE5BEA4425D1942900666E2D /* PBXContainerItemProxy */;
		};
/* End PBXTargetDependency section */

/* Begin PBXVariantGroup section */
		AE5BEA2B25D1942400666E2D /* Main.storyboard */ = {
			isa = PBXVariantGroup;
			children = (
				AE5BEA2C25D1942400666E2D /* Base */,
			);
			name = Main.storyboard;
			sourceTree = "<group>";
		};
		AE5BEA3025D1942900666E2D /* LaunchScreen.storyboard */ = {
			isa = PBXVariantGroup;
			children = (
				AE5BEA3125D1942900666E2D /* Base */,
			);
			name = LaunchScreen.storyboard;
			sourceTree = "<group>";
		};
/* End PBXVariantGroup section */

/* Begin XCBuildConfiguration section */
		AE5BEA4A25D1942900666E2D /* Debug */ = {
			isa = XCBuildConfiguration;
			buildSettings = {
				ALWAYS_SEARCH_USER_PATHS = NO;
				CLANG_ANALYZER_NONNULL = YES;
				CLANG_ANALYZER_NUMBER_OBJECT_CONVERSION = YES_AGGRESSIVE;
				CLANG_CXX_LANGUAGE_STANDARD = "gnu++14";
				CLANG_CXX_LIBRARY = "libc++";
				CLANG_ENABLE_MODULES = YES;
				CLANG_ENABLE_OBJC_ARC = YES;
				CLANG_ENABLE_OBJC_WEAK = YES;
				CLANG_WARN_BLOCK_CAPTURE_AUTORELEASING = YES;
				CLANG_WARN_BOOL_CONVERSION = YES;
				CLANG_WARN_COMMA = YES;
				CLANG_WARN_CONSTANT_CONVERSION = YES;
				CLANG_WARN_DEPRECATED_OBJC_IMPLEMENTATIONS = YES;
				CLANG_WARN_DIRECT_OBJC_ISA_USAGE = YES_ERROR;
				CLANG_WARN_DOCUMENTATION_COMMENTS = YES;
				CLANG_WARN_EMPTY_BODY = YES;
				CLANG_WARN_ENUM_CONVERSION = YES;
				CLANG_WARN_INFINITE_RECURSION = YES;
				CLANG_WARN_INT_CONVERSION = YES;
				CLANG_WARN_NON_LITERAL_NULL_CONVERSION = YES;
				CLANG_WARN_OBJC_IMPLICIT_RETAIN_SELF = YES;
				CLANG_WARN_OBJC_LITERAL_CONVERSION = YES;
				CLANG_WARN_OBJC_ROOT_CLASS = YES_ERROR;
				CLANG_WARN_QUOTED_INCLUDE_IN_FRAMEWORK_HEADER = YES;
				CLANG_WARN_RANGE_LOOP_ANALYSIS = YES;
				CLANG_WARN_STRICT_PROTOTYPES = YES;
				CLANG_WARN_SUSPICIOUS_MOVE = YES;
				CLANG_WARN_UNGUARDED_AVAILABILITY = YES_AGGRESSIVE;
				CLANG_WARN_UNREACHABLE_CODE = YES;
				CLANG_WARN__DUPLICATE_METHOD_MATCH = YES;
				COPY_PHASE_STRIP = NO;
				DEBUG_INFORMATION_FORMAT = dwarf;
				ENABLE_STRICT_OBJC_MSGSEND = YES;
				ENABLE_TESTABILITY = YES;
				GCC_C_LANGUAGE_STANDARD = gnu11;
				GCC_DYNAMIC_NO_PIC = NO;
				GCC_NO_COMMON_BLOCKS = YES;
				GCC_OPTIMIZATION_LEVEL = 0;
				GCC_PREPROCESSOR_DEFINITIONS = (
					"DEBUG=1",
					"$(inherited)",
				);
				GCC_WARN_64_TO_32_BIT_CONVERSION = YES;
				GCC_WARN_ABOUT_RETURN_TYPE = YES_ERROR;
				GCC_WARN_UNDECLARED_SELECTOR = YES;
				GCC_WARN_UNINITIALIZED_AUTOS = YES_AGGRESSIVE;
				GCC_WARN_UNUSED_FUNCTION = YES;
				GCC_WARN_UNUSED_VARIABLE = YES;
				IPHONEOS_DEPLOYMENT_TARGET = 14.3;
				MTL_ENABLE_DEBUG_INFO = INCLUDE_SOURCE;
				MTL_FAST_MATH = YES;
				ONLY_ACTIVE_ARCH = YES;
				SDKROOT = iphoneos;
				SWIFT_ACTIVE_COMPILATION_CONDITIONS = DEBUG;
				SWIFT_OPTIMIZATION_LEVEL = "-Onone";
			};
			name = Debug;
		};
		AE5BEA4B25D1942900666E2D /* Release */ = {
			isa = XCBuildConfiguration;
			buildSettings = {
				ALWAYS_SEARCH_USER_PATHS = NO;
				CLANG_ANALYZER_NONNULL = YES;
				CLANG_ANALYZER_NUMBER_OBJECT_CONVERSION = YES_AGGRESSIVE;
				CLANG_CXX_LANGUAGE_STANDARD = "gnu++14";
				CLANG_CXX_LIBRARY = "libc++";
				CLANG_ENABLE_MODULES = YES;
				CLANG_ENABLE_OBJC_ARC = YES;
				CLANG_ENABLE_OBJC_WEAK = YES;
				CLANG_WARN_BLOCK_CAPTURE_AUTORELEASING = YES;
				CLANG_WARN_BOOL_CONVERSION = YES;
				CLANG_WARN_COMMA = YES;
				CLANG_WARN_CONSTANT_CONVERSION = YES;
				CLANG_WARN_DEPRECATED_OBJC_IMPLEMENTATIONS = YES;
				CLANG_WARN_DIRECT_OBJC_ISA_USAGE = YES_ERROR;
				CLANG_WARN_DOCUMENTATION_COMMENTS = YES;
				CLANG_WARN_EMPTY_BODY = YES;
				CLANG_WARN_ENUM_CONVERSION = YES;
				CLANG_WARN_INFINITE_RECURSION = YES;
				CLANG_WARN_INT_CONVERSION = YES;
				CLANG_WARN_NON_LITERAL_NULL_CONVERSION = YES;
				CLANG_WARN_OBJC_IMPLICIT_RETAIN_SELF = YES;
				CLANG_WARN_OBJC_LITERAL_CONVERSION = YES;
				CLANG_WARN_OBJC_ROOT_CLASS = YES_ERROR;
				CLANG_WARN_QUOTED_INCLUDE_IN_FRAMEWORK_HEADER = YES;
				CLANG_WARN_RANGE_LOOP_ANALYSIS = YES;
				CLANG_WARN_STRICT_PROTOTYPES = YES;
				CLANG_WARN_SUSPICIOUS_MOVE = YES;
				CLANG_WARN_UNGUARDED_AVAILABILITY = YES_AGGRESSIVE;
				CLANG_WARN_UNREACHABLE_CODE = YES;
				CLANG_WARN__DUPLICATE_METHOD_MATCH = YES;
				COPY_PHASE_STRIP = NO;
				DEBUG_INFORMATION_FORMAT = "dwarf-with-dsym";
				ENABLE_NS_ASSERTIONS = NO;
				ENABLE_STRICT_OBJC_MSGSEND = YES;
				GCC_C_LANGUAGE_STANDARD = gnu11;
				GCC_NO_COMMON_BLOCKS = YES;
				GCC_WARN_64_TO_32_BIT_CONVERSION = YES;
				GCC_WARN_ABOUT_RETURN_TYPE = YES_ERROR;
				GCC_WARN_UNDECLARED_SELECTOR = YES;
				GCC_WARN_UNINITIALIZED_AUTOS = YES_AGGRESSIVE;
				GCC_WARN_UNUSED_FUNCTION = YES;
				GCC_WARN_UNUSED_VARIABLE = YES;
				IPHONEOS_DEPLOYMENT_TARGET = 14.3;
				MTL_ENABLE_DEBUG_INFO = NO;
				MTL_FAST_MATH = YES;
				SDKROOT = iphoneos;
				SWIFT_COMPILATION_MODE = wholemodule;
				SWIFT_OPTIMIZATION_LEVEL = "-O";
				VALIDATE_PRODUCT = YES;
			};
			name = Release;
		};
		AE5BEA4D25D1942900666E2D /* Debug */ = {
			isa = XCBuildConfiguration;
			buildSettings = {
				ASSETCATALOG_COMPILER_APPICON_NAME = AppIcon;
				ASSETCATALOG_COMPILER_GLOBAL_ACCENT_COLOR_NAME = AccentColor;
				CODE_SIGN_STYLE = Automatic;
				INFOPLIST_FILE = BMSPlayground/Info.plist;
				LD_RUNPATH_SEARCH_PATHS = (
					"$(inherited)",
					"@executable_path/Frameworks",
				);
				PRODUCT_BUNDLE_IDENTIFIER = com.test.BMSPlayground;
				PRODUCT_NAME = "$(TARGET_NAME)";
				SWIFT_VERSION = 5.0;
				TARGETED_DEVICE_FAMILY = "1,2";
			};
			name = Debug;
		};
		AE5BEA4E25D1942900666E2D /* Release */ = {
			isa = XCBuildConfiguration;
			buildSettings = {
				ASSETCATALOG_COMPILER_APPICON_NAME = AppIcon;
				ASSETCATALOG_COMPILER_GLOBAL_ACCENT_COLOR_NAME = AccentColor;
				CODE_SIGN_STYLE = Automatic;
				INFOPLIST_FILE = BMSPlayground/Info.plist;
				LD_RUNPATH_SEARCH_PATHS = (
					"$(inherited)",
					"@executable_path/Frameworks",
				);
				PRODUCT_BUNDLE_IDENTIFIER = com.test.BMSPlayground;
				PRODUCT_NAME = "$(TARGET_NAME)";
				SWIFT_VERSION = 5.0;
				TARGETED_DEVICE_FAMILY = "1,2";
			};
			name = Release;
		};
		AE5BEA5025D1942900666E2D /* Debug */ = {
			isa = XCBuildConfiguration;
			buildSettings = {
				ALWAYS_EMBED_SWIFT_STANDARD_LIBRARIES = YES;
				BUNDLE_LOADER = "$(TEST_HOST)";
				CODE_SIGN_STYLE = Automatic;
				INFOPLIST_FILE = BMSPlaygroundTests/Info.plist;
				IPHONEOS_DEPLOYMENT_TARGET = 14.3;
				LD_RUNPATH_SEARCH_PATHS = (
					"$(inherited)",
					"@executable_path/Frameworks",
					"@loader_path/Frameworks",
				);
				PRODUCT_BUNDLE_IDENTIFIER = com.test.BMSPlaygroundTests;
				PRODUCT_NAME = "$(TARGET_NAME)";
				SWIFT_VERSION = 5.0;
				TARGETED_DEVICE_FAMILY = "1,2";
				TEST_HOST = "$(BUILT_PRODUCTS_DIR)/BMSPlayground.app/BMSPlayground";
			};
			name = Debug;
		};
		AE5BEA5125D1942900666E2D /* Release */ = {
			isa = XCBuildConfiguration;
			buildSettings = {
				ALWAYS_EMBED_SWIFT_STANDARD_LIBRARIES = YES;
				BUNDLE_LOADER = "$(TEST_HOST)";
				CODE_SIGN_STYLE = Automatic;
				INFOPLIST_FILE = BMSPlaygroundTests/Info.plist;
				IPHONEOS_DEPLOYMENT_TARGET = 14.3;
				LD_RUNPATH_SEARCH_PATHS = (
					"$(inherited)",
					"@executable_path/Frameworks",
					"@loader_path/Frameworks",
				);
				PRODUCT_BUNDLE_IDENTIFIER = com.test.BMSPlaygroundTests;
				PRODUCT_NAME = "$(TARGET_NAME)";
				SWIFT_VERSION = 5.0;
				TARGETED_DEVICE_FAMILY = "1,2";
				TEST_HOST = "$(BUILT_PRODUCTS_DIR)/BMSPlayground.app/BMSPlayground";
			};
			name = Release;
		};
		AE5BEA5325D1942900666E2D /* Debug */ = {
			isa = XCBuildConfiguration;
			buildSettings = {
				ALWAYS_EMBED_SWIFT_STANDARD_LIBRARIES = YES;
				CODE_SIGN_STYLE = Automatic;
				INFOPLIST_FILE = BMSPlaygroundUITests/Info.plist;
				LD_RUNPATH_SEARCH_PATHS = (
					"$(inherited)",
					"@executable_path/Frameworks",
					"@loader_path/Frameworks",
				);
				PRODUCT_BUNDLE_IDENTIFIER = com.test.BMSPlaygroundUITests;
				PRODUCT_NAME = "$(TARGET_NAME)";
				SWIFT_VERSION = 5.0;
				TARGETED_DEVICE_FAMILY = "1,2";
				TEST_TARGET_NAME = BMSPlayground;
			};
			name = Debug;
		};
		AE5BEA5425D1942900666E2D /* Release */ = {
			isa = XCBuildConfiguration;
			buildSettings = {
				ALWAYS_EMBED_SWIFT_STANDARD_LIBRARIES = YES;
				CODE_SIGN_STYLE = Automatic;
				INFOPLIST_FILE = BMSPlaygroundUITests/Info.plist;
				LD_RUNPATH_SEARCH_PATHS = (
					"$(inherited)",
					"@executable_path/Frameworks",
					"@loader_path/Frameworks",
				);
				PRODUCT_BUNDLE_IDENTIFIER = com.test.BMSPlaygroundUITests;
				PRODUCT_NAME = "$(TARGET_NAME)";
				SWIFT_VERSION = 5.0;
				TARGETED_DEVICE_FAMILY = "1,2";
				TEST_TARGET_NAME = BMSPlayground;
			};
			name = Release;
		};
/* End XCBuildConfiguration section */

/* Begin XCConfigurationList section */
		AE5BEA1D25D1942400666E2D /* Build configuration list for PBXProject "BMSPlayground" */ = {
			isa = XCConfigurationList;
			buildConfigurations = (
				AE5BEA4A25D1942900666E2D /* Debug */,
				AE5BEA4B25D1942900666E2D /* Release */,
			);
			defaultConfigurationIsVisible = 0;
			defaultConfigurationName = Release;
		};
		AE5BEA4C25D1942900666E2D /* Build configuration list for PBXNativeTarget "BMSPlayground" */ = {
			isa = XCConfigurationList;
			buildConfigurations = (
				AE5BEA4D25D1942900666E2D /* Debug */,
				AE5BEA4E25D1942900666E2D /* Release */,
			);
			defaultConfigurationIsVisible = 0;
			defaultConfigurationName = Release;
		};
		AE5BEA4F25D1942900666E2D /* Build configuration list for PBXNativeTarget "BMSPlaygroundTests" */ = {
			isa = XCConfigurationList;
			buildConfigurations = (
				AE5BEA5025D1942900666E2D /* Debug */,
				AE5BEA5125D1942900666E2D /* Release */,
			);
			defaultConfigurationIsVisible = 0;
			defaultConfigurationName = Release;
		};
		AE5BEA5225D1942900666E2D /* Build configuration list for PBXNativeTarget "BMSPlaygroundUITests" */ = {
			isa = XCConfigurationList;
			buildConfigurations = (
				AE5BEA5325D1942900666E2D /* Debug */,
				AE5BEA5425D1942900666E2D /* Release */,
			);
			defaultConfigurationIsVisible = 0;
			defaultConfigurationName = Release;
		};
/* End XCConfigurationList section */
	};
	rootObject = AE5BEA1A25D1942400666E2D /* Project object */;
}
